
Microsoft Visual Studio Solution File, Format Version 12.00
# Visual Studio Version 17
VisualStudioVersion = 17.14.36414.22 d17.14
MinimumVisualStudioVersion = 10.0.40219.1
Project("{FAE04EC0-301F-11D3-BF4B-00C04F79EFBC}") = "InvestimentosJwtApi", "InvestimentosJwtApi\InvestimentosJwtApi.csproj", "{EF9B9A2A-220F-49BD-A9D2-E87599696574}"
EndProject
Project("{FAE04EC0-301F-11D3-BF4B-00C04F79EFBC}") = "InvestimentosJwt.Application", "InvestimentosJwt.Application\InvestimentosJwt.Application.csproj", "{05015A75-FB3A-4A66-89BE-3D7A2D9F11E2}"
EndProject
Project("{FAE04EC0-301F-11D3-BF4B-00C04F79EFBC}") = "InvestimentosJwt.Domain", "InvestimentosJwt.Domain\InvestimentosJwt.Domain.csproj", "{D158AFA5-9DCB-4698-8FE8-EE267B8A0604}"
EndProject
Project("{FAE04EC0-301F-11D3-BF4B-00C04F79EFBC}") = "InvestimentosJwt.Infra.Data", "InvestimentosJwt.Infra.Data\InvestimentosJwt.Infra.Data.csproj", "{615FFCDF-0817-48A0-B256-1D0D2AFC54C1}"
EndProject
Project("{FAE04EC0-301F-11D3-BF4B-00C04F79EFBC}") = "InvestimentosJwt.Tests", "InvestimentosJwt.Tests\InvestimentosJwt.Tests.csproj", "{B7B3BD12-E1C9-4114-9102-659B2B7541E9}"
EndProject
Global
	GlobalSection(SolutionConfigurationPlatforms) = preSolution
		Debug|Any CPU = Debug|Any CPU
		Release|Any CPU = Release|Any CPU
	EndGlobalSection
	GlobalSection(ProjectConfigurationPlatforms) = postSolution
		{EF9B9A2A-220F-49BD-A9D2-E87599696574}.Debug|Any CPU.ActiveCfg = Debug|Any CPU
		{EF9B9A2A-220F-49BD-A9D2-E87599696574}.Debug|Any CPU.Build.0 = Debug|Any CPU
		{EF9B9A2A-220F-49BD-A9D2-E87599696574}.Release|Any CPU.ActiveCfg = Release|Any CPU
		{EF9B9A2A-220F-49BD-A9D2-E87599696574}.Release|Any CPU.Build.0 = Release|Any CPU
		{05015A75-FB3A-4A66-89BE-3D7A2D9F11E2}.Debug|Any CPU.ActiveCfg = Debug|Any CPU
		{05015A75-FB3A-4A66-89BE-3D7A2D9F11E2}.Debug|Any CPU.Build.0 = Debug|Any CPU
		{05015A75-FB3A-4A66-89BE-3D7A2D9F11E2}.Release|Any CPU.ActiveCfg = Release|Any CPU
		{05015A75-FB3A-4A66-89BE-3D7A2D9F11E2}.Release|Any CPU.Build.0 = Release|Any CPU
		{D158AFA5-9DCB-4698-8FE8-EE267B8A0604}.Debug|Any CPU.ActiveCfg = Debug|Any CPU
		{D158AFA5-9DCB-4698-8FE8-EE267B8A0604}.Debug|Any CPU.Build.0 = Debug|Any CPU
		{D158AFA5-9DCB-4698-8FE8-EE267B8A0604}.Release|Any CPU.ActiveCfg = Release|Any CPU
		{D158AFA5-9DCB-4698-8FE8-EE267B8A0604}.Release|Any CPU.Build.0 = Release|Any CPU
		{615FFCDF-0817-48A0-B256-1D0D2AFC54C1}.Debug|Any CPU.ActiveCfg = Debug|Any CPU
		{615FFCDF-0817-48A0-B256-1D0D2AFC54C1}.Debug|Any CPU.Build.0 = Debug|Any CPU
		{615FFCDF-0817-48A0-B256-1D0D2AFC54C1}.Release|Any CPU.ActiveCfg = Release|Any CPU
		{615FFCDF-0817-48A0-B256-1D0D2AFC54C1}.Release|Any CPU.Build.0 = Release|Any CPU
		{B7B3BD12-E1C9-4114-9102-659B2B7541E9}.Debug|Any CPU.ActiveCfg = Debug|Any CPU
		{B7B3BD12-E1C9-4114-9102-659B2B7541E9}.Debug|Any CPU.Build.0 = Debug|Any CPU
		{B7B3BD12-E1C9-4114-9102-659B2B7541E9}.Release|Any CPU.ActiveCfg = Release|Any CPU
		{B7B3BD12-E1C9-4114-9102-659B2B7541E9}.Release|Any CPU.Build.0 = Release|Any CPU
	EndGlobalSection
	GlobalSection(SolutionProperties) = preSolution
		HideSolutionNode = FALSE
	EndGlobalSection
	GlobalSection(ExtensibilityGlobals) = postSolution
		SolutionGuid = {003D923A-5F17-4871-958F-62A7C9CAB8A9}
	EndGlobalSection
EndGlobal
